# This file is @generated by PDM.
# It is not intended for manual editing.

[metadata]
groups = ["default"]
strategy = ["cross_platform", "inherit_metadata"]
lock_version = "4.4.1"
content_hash = "sha256:2e71e9ac86c2eea6796956a06b7e35fe679cb716c3174ceef3ad4c1a74b3e461"

[[package]]
name = "polars"
version = "0.20.16"
requires_python = ">=3.8"
summary = "Blazingly fast DataFrame library"
groups = ["default"]
files = [
    {file = "polars-0.20.16-cp38-abi3-macosx_10_12_x86_64.whl", hash = "sha256:7530148621b541221b8a36cfad27cc576d77c0739e82d8383ee3a699935a5f63"},
    {file = "polars-0.20.16-cp38-abi3-macosx_11_0_arm64.whl", hash = "sha256:92241d9aeb29de7c503d3b4f9191181f0831dd546ee6770e5c6fae3cead98edb"},
    {file = "polars-0.20.16-cp38-abi3-manylinux_2_17_x86_64.manylinux2014_x86_64.whl", hash = "sha256:2b48593c44a20f09f1eb1449ea43e2e5a4adf3c82faf1fba797fb7364cfa2ca4"},
    {file = "polars-0.20.16-cp38-abi3-manylinux_2_24_aarch64.whl", hash = "sha256:0c504cfdc88f3e4262d5ecf637c10ae154565b94250ee4263a9f5f346397cf98"},
    {file = "polars-0.20.16-cp38-abi3-win_amd64.whl", hash = "sha256:a1fa24ea374ff05766e43fe2f079d62edd682ade19e3e2d68526e9c7a3e23ddf"},
    {file = "polars-0.20.16.tar.gz", hash = "sha256:7a9ebb85bfc9dd964490612b6fee2afbde91eee6bfaa590b731c7868d225210b"},
]
